// !$*UTF8*$!
{
	archiveVersion = 1;
	classes = {
	};
	objectVersion = 51;
	objects = {

/* Begin PBXBuildFile section */
		0583D6339532957F16853CEE /* Pods_TapestryTests.framework in Frameworks */ = {isa = PBXBuildFile; fileRef = A3EA13843EC42B98569A41AE /* Pods_TapestryTests.framework */; };
		65F0D822C428B4A7B08C552C /* Pods_Tapestry_TapestryUITests.framework in Frameworks */ = {isa = PBXBuildFile; fileRef = 481AB0633733FFBF8D08A8AD /* Pods_Tapestry_TapestryUITests.framework */; };
		9E430D23269C9C2A00C0B571 /* AppDelegate.m in Sources */ = {isa = PBXBuildFile; fileRef = 9E430D22269C9C2A00C0B571 /* AppDelegate.m */; };
		9E430D26269C9C2A00C0B571 /* SceneDelegate.m in Sources */ = {isa = PBXBuildFile; fileRef = 9E430D25269C9C2A00C0B571 /* SceneDelegate.m */; };
		9E430D2C269C9C2A00C0B571 /* Main.storyboard in Resources */ = {isa = PBXBuildFile; fileRef = 9E430D2A269C9C2A00C0B571 /* Main.storyboard */; };
		9E430D2E269C9C2A00C0B571 /* Assets.xcassets in Resources */ = {isa = PBXBuildFile; fileRef = 9E430D2D269C9C2A00C0B571 /* Assets.xcassets */; };
		9E430D31269C9C2A00C0B571 /* LaunchScreen.storyboard in Resources */ = {isa = PBXBuildFile; fileRef = 9E430D2F269C9C2A00C0B571 /* LaunchScreen.storyboard */; };
		9E430D34269C9C2A00C0B571 /* main.m in Sources */ = {isa = PBXBuildFile; fileRef = 9E430D33269C9C2A00C0B571 /* main.m */; };
		9E430D3E269C9C2A00C0B571 /* TapestryTests.m in Sources */ = {isa = PBXBuildFile; fileRef = 9E430D3D269C9C2A00C0B571 /* TapestryTests.m */; };
		9E430D49269C9C2B00C0B571 /* TapestryUITests.m in Sources */ = {isa = PBXBuildFile; fileRef = 9E430D48269C9C2B00C0B571 /* TapestryUITests.m */; };
		9E430D59269E136900C0B571 /* Keys.plist in Resources */ = {isa = PBXBuildFile; fileRef = 9E430D58269E136900C0B571 /* Keys.plist */; };
		9E430D5C269E164D00C0B571 /* LoginViewController.m in Sources */ = {isa = PBXBuildFile; fileRef = 9E430D5B269E164D00C0B571 /* LoginViewController.m */; };
		9E430D5F269E3A3F00C0B571 /* ComposeStoryViewController.m in Sources */ = {isa = PBXBuildFile; fileRef = 9E430D5E269E3A3F00C0B571 /* ComposeStoryViewController.m */; };
		9E430D62269E3CC100C0B571 /* AddGroupsViewController.m in Sources */ = {isa = PBXBuildFile; fileRef = 9E430D61269E3CC100C0B571 /* AddGroupsViewController.m */; };
		9E430D65269F3D0100C0B571 /* NewUserViewController.m in Sources */ = {isa = PBXBuildFile; fileRef = 9E430D64269F3D0100C0B571 /* NewUserViewController.m */; };
		9E430D68269F512700C0B571 /* Group.m in Sources */ = {isa = PBXBuildFile; fileRef = 9E430D67269F512700C0B571 /* Group.m */; };
		9E430D6B26A0D09100C0B571 /* Story.m in Sources */ = {isa = PBXBuildFile; fileRef = 9E430D6A26A0D09100C0B571 /* Story.m */; };
		9E430D6E26A6195A00C0B571 /* GroupsViewController.m in Sources */ = {isa = PBXBuildFile; fileRef = 9E430D6D26A6195A00C0B571 /* GroupsViewController.m */; };
		9E430D7026A6268100C0B571 /* AVFoundation.framework in Frameworks */ = {isa = PBXBuildFile; fileRef = 9E430D6F26A6268100C0B571 /* AVFoundation.framework */; };
		9E430D7526A7426800C0B571 /* TapestryGridCell.m in Sources */ = {isa = PBXBuildFile; fileRef = 9E430D7426A7426800C0B571 /* TapestryGridCell.m */; };
		9E430D7926A776E400C0B571 /* TapestriesHeaderReusableView.m in Sources */ = {isa = PBXBuildFile; fileRef = 9E430D7826A776E400C0B571 /* TapestriesHeaderReusableView.m */; };
		9E430D7C26A7E0E400C0B571 /* TapestryViewController.m in Sources */ = {isa = PBXBuildFile; fileRef = 9E430D7B26A7E0E400C0B571 /* TapestryViewController.m */; };
		9E430D7F26A7EB2000C0B571 /* StoryCell.m in Sources */ = {isa = PBXBuildFile; fileRef = 9E430D7E26A7EB2000C0B571 /* StoryCell.m */; };
		9E430D8326A87F5F00C0B571 /* StoriesLayout.m in Sources */ = {isa = PBXBuildFile; fileRef = 9E430D8226A87F5F00C0B571 /* StoriesLayout.m */; };
		BAC26881E50874E261006A77 /* Pods_Tapestry.framework in Frameworks */ = {isa = PBXBuildFile; fileRef = 9CED42AE8DCC4FEDB9E95E72 /* Pods_Tapestry.framework */; };
/* End PBXBuildFile section */

/* Begin PBXContainerItemProxy section */
		9E430D3A269C9C2A00C0B571 /* PBXContainerItemProxy */ = {
			isa = PBXContainerItemProxy;
			containerPortal = 9E430D16269C9C2900C0B571 /* Project object */;
			proxyType = 1;
			remoteGlobalIDString = 9E430D1D269C9C2900C0B571;
			remoteInfo = Tapestry;
		};
		9E430D45269C9C2B00C0B571 /* PBXContainerItemProxy */ = {
			isa = PBXContainerItemProxy;
			containerPortal = 9E430D16269C9C2900C0B571 /* Project object */;
			proxyType = 1;
			remoteGlobalIDString = 9E430D1D269C9C2900C0B571;
			remoteInfo = Tapestry;
		};
/* End PBXContainerItemProxy section */

/* Begin PBXFileReference section */
		4338ED409C1E15239594BA15 /* Pods-Tapestry.release.xcconfig */ = {isa = PBXFileReference; includeInIndex = 1; lastKnownFileType = text.xcconfig; name = "Pods-Tapestry.release.xcconfig"; path = "Target Support Files/Pods-Tapestry/Pods-Tapestry.release.xcconfig"; sourceTree = "<group>"; };
		481AB0633733FFBF8D08A8AD /* Pods_Tapestry_TapestryUITests.framework */ = {isa = PBXFileReference; explicitFileType = wrapper.framework; includeInIndex = 0; path = Pods_Tapestry_TapestryUITests.framework; sourceTree = BUILT_PRODUCTS_DIR; };
		67B64CF0448D3A6F2DB1C3E3 /* Pods-TapestryTests.debug.xcconfig */ = {isa = PBXFileReference; includeInIndex = 1; lastKnownFileType = text.xcconfig; name = "Pods-TapestryTests.debug.xcconfig"; path = "Target Support Files/Pods-TapestryTests/Pods-TapestryTests.debug.xcconfig"; sourceTree = "<group>"; };
		9152BE9926D94E339FBF2552 /* Pods-TapestryTests.release.xcconfig */ = {isa = PBXFileReference; includeInIndex = 1; lastKnownFileType = text.xcconfig; name = "Pods-TapestryTests.release.xcconfig"; path = "Target Support Files/Pods-TapestryTests/Pods-TapestryTests.release.xcconfig"; sourceTree = "<group>"; };
		93621979B05B69AC600BAC1B /* Pods-Tapestry.debug.xcconfig */ = {isa = PBXFileReference; includeInIndex = 1; lastKnownFileType = text.xcconfig; name = "Pods-Tapestry.debug.xcconfig"; path = "Target Support Files/Pods-Tapestry/Pods-Tapestry.debug.xcconfig"; sourceTree = "<group>"; };
		99E584B0DEB38DE95ADF8DC7 /* Pods-Tapestry-TapestryUITests.debug.xcconfig */ = {isa = PBXFileReference; includeInIndex = 1; lastKnownFileType = text.xcconfig; name = "Pods-Tapestry-TapestryUITests.debug.xcconfig"; path = "Target Support Files/Pods-Tapestry-TapestryUITests/Pods-Tapestry-TapestryUITests.debug.xcconfig"; sourceTree = "<group>"; };
		9CED42AE8DCC4FEDB9E95E72 /* Pods_Tapestry.framework */ = {isa = PBXFileReference; explicitFileType = wrapper.framework; includeInIndex = 0; path = Pods_Tapestry.framework; sourceTree = BUILT_PRODUCTS_DIR; };
		9E430D1E269C9C2A00C0B571 /* Tapestry.app */ = {isa = PBXFileReference; explicitFileType = wrapper.application; includeInIndex = 0; path = Tapestry.app; sourceTree = BUILT_PRODUCTS_DIR; };
		9E430D21269C9C2A00C0B571 /* AppDelegate.h */ = {isa = PBXFileReference; lastKnownFileType = sourcecode.c.h; path = AppDelegate.h; sourceTree = "<group>"; };
		9E430D22269C9C2A00C0B571 /* AppDelegate.m */ = {isa = PBXFileReference; lastKnownFileType = sourcecode.c.objc; path = AppDelegate.m; sourceTree = "<group>"; };
		9E430D24269C9C2A00C0B571 /* SceneDelegate.h */ = {isa = PBXFileReference; lastKnownFileType = sourcecode.c.h; path = SceneDelegate.h; sourceTree = "<group>"; };
		9E430D25269C9C2A00C0B571 /* SceneDelegate.m */ = {isa = PBXFileReference; lastKnownFileType = sourcecode.c.objc; path = SceneDelegate.m; sourceTree = "<group>"; };
		9E430D2B269C9C2A00C0B571 /* Base */ = {isa = PBXFileReference; lastKnownFileType = file.storyboard; name = Base; path = Base.lproj/Main.storyboard; sourceTree = "<group>"; };
		9E430D2D269C9C2A00C0B571 /* Assets.xcassets */ = {isa = PBXFileReference; lastKnownFileType = folder.assetcatalog; path = Assets.xcassets; sourceTree = "<group>"; };
		9E430D30269C9C2A00C0B571 /* Base */ = {isa = PBXFileReference; lastKnownFileType = file.storyboard; name = Base; path = Base.lproj/LaunchScreen.storyboard; sourceTree = "<group>"; };
		9E430D32269C9C2A00C0B571 /* Info.plist */ = {isa = PBXFileReference; lastKnownFileType = text.plist.xml; path = Info.plist; sourceTree = "<group>"; };
		9E430D33269C9C2A00C0B571 /* main.m */ = {isa = PBXFileReference; lastKnownFileType = sourcecode.c.objc; path = main.m; sourceTree = "<group>"; };
		9E430D39269C9C2A00C0B571 /* TapestryTests.xctest */ = {isa = PBXFileReference; explicitFileType = wrapper.cfbundle; includeInIndex = 0; path = TapestryTests.xctest; sourceTree = BUILT_PRODUCTS_DIR; };
		9E430D3D269C9C2A00C0B571 /* TapestryTests.m */ = {isa = PBXFileReference; lastKnownFileType = sourcecode.c.objc; path = TapestryTests.m; sourceTree = "<group>"; };
		9E430D3F269C9C2A00C0B571 /* Info.plist */ = {isa = PBXFileReference; lastKnownFileType = text.plist.xml; path = Info.plist; sourceTree = "<group>"; };
		9E430D44269C9C2B00C0B571 /* TapestryUITests.xctest */ = {isa = PBXFileReference; explicitFileType = wrapper.cfbundle; includeInIndex = 0; path = TapestryUITests.xctest; sourceTree = BUILT_PRODUCTS_DIR; };
		9E430D48269C9C2B00C0B571 /* TapestryUITests.m */ = {isa = PBXFileReference; lastKnownFileType = sourcecode.c.objc; path = TapestryUITests.m; sourceTree = "<group>"; };
		9E430D4A269C9C2B00C0B571 /* Info.plist */ = {isa = PBXFileReference; lastKnownFileType = text.plist.xml; path = Info.plist; sourceTree = "<group>"; };
		9E430D58269E136900C0B571 /* Keys.plist */ = {isa = PBXFileReference; lastKnownFileType = text.plist.xml; path = Keys.plist; sourceTree = "<group>"; };
		9E430D5A269E164D00C0B571 /* LoginViewController.h */ = {isa = PBXFileReference; lastKnownFileType = sourcecode.c.h; path = LoginViewController.h; sourceTree = "<group>"; };
		9E430D5B269E164D00C0B571 /* LoginViewController.m */ = {isa = PBXFileReference; lastKnownFileType = sourcecode.c.objc; path = LoginViewController.m; sourceTree = "<group>"; };
		9E430D5D269E3A3F00C0B571 /* ComposeStoryViewController.h */ = {isa = PBXFileReference; lastKnownFileType = sourcecode.c.h; path = ComposeStoryViewController.h; sourceTree = "<group>"; };
		9E430D5E269E3A3F00C0B571 /* ComposeStoryViewController.m */ = {isa = PBXFileReference; lastKnownFileType = sourcecode.c.objc; path = ComposeStoryViewController.m; sourceTree = "<group>"; };
		9E430D60269E3CC100C0B571 /* AddGroupsViewController.h */ = {isa = PBXFileReference; lastKnownFileType = sourcecode.c.h; path = AddGroupsViewController.h; sourceTree = "<group>"; };
		9E430D61269E3CC100C0B571 /* AddGroupsViewController.m */ = {isa = PBXFileReference; lastKnownFileType = sourcecode.c.objc; path = AddGroupsViewController.m; sourceTree = "<group>"; };
		9E430D63269F3D0100C0B571 /* NewUserViewController.h */ = {isa = PBXFileReference; lastKnownFileType = sourcecode.c.h; path = NewUserViewController.h; sourceTree = "<group>"; };
		9E430D64269F3D0100C0B571 /* NewUserViewController.m */ = {isa = PBXFileReference; lastKnownFileType = sourcecode.c.objc; path = NewUserViewController.m; sourceTree = "<group>"; };
		9E430D66269F512700C0B571 /* Group.h */ = {isa = PBXFileReference; lastKnownFileType = sourcecode.c.h; path = Group.h; sourceTree = "<group>"; };
		9E430D67269F512700C0B571 /* Group.m */ = {isa = PBXFileReference; lastKnownFileType = sourcecode.c.objc; path = Group.m; sourceTree = "<group>"; };
		9E430D6926A0D09100C0B571 /* Story.h */ = {isa = PBXFileReference; lastKnownFileType = sourcecode.c.h; path = Story.h; sourceTree = "<group>"; };
		9E430D6A26A0D09100C0B571 /* Story.m */ = {isa = PBXFileReference; lastKnownFileType = sourcecode.c.objc; path = Story.m; sourceTree = "<group>"; };
		9E430D6C26A6195A00C0B571 /* GroupsViewController.h */ = {isa = PBXFileReference; lastKnownFileType = sourcecode.c.h; path = GroupsViewController.h; sourceTree = "<group>"; };
		9E430D6D26A6195A00C0B571 /* GroupsViewController.m */ = {isa = PBXFileReference; lastKnownFileType = sourcecode.c.objc; path = GroupsViewController.m; sourceTree = "<group>"; };
		9E430D6F26A6268100C0B571 /* AVFoundation.framework */ = {isa = PBXFileReference; lastKnownFileType = wrapper.framework; name = AVFoundation.framework; path = System/Library/Frameworks/AVFoundation.framework; sourceTree = SDKROOT; };
		9E430D7326A7426800C0B571 /* TapestryGridCell.h */ = {isa = PBXFileReference; lastKnownFileType = sourcecode.c.h; path = TapestryGridCell.h; sourceTree = "<group>"; };
		9E430D7426A7426800C0B571 /* TapestryGridCell.m */ = {isa = PBXFileReference; lastKnownFileType = sourcecode.c.objc; path = TapestryGridCell.m; sourceTree = "<group>"; };
		9E430D7726A776E400C0B571 /* TapestriesHeaderReusableView.h */ = {isa = PBXFileReference; lastKnownFileType = sourcecode.c.h; path = TapestriesHeaderReusableView.h; sourceTree = "<group>"; };
		9E430D7826A776E400C0B571 /* TapestriesHeaderReusableView.m */ = {isa = PBXFileReference; lastKnownFileType = sourcecode.c.objc; path = TapestriesHeaderReusableView.m; sourceTree = "<group>"; };
		9E430D7A26A7E0E400C0B571 /* TapestryViewController.h */ = {isa = PBXFileReference; lastKnownFileType = sourcecode.c.h; path = TapestryViewController.h; sourceTree = "<group>"; };
		9E430D7B26A7E0E400C0B571 /* TapestryViewController.m */ = {isa = PBXFileReference; lastKnownFileType = sourcecode.c.objc; path = TapestryViewController.m; sourceTree = "<group>"; };
		9E430D7D26A7EB2000C0B571 /* StoryCell.h */ = {isa = PBXFileReference; lastKnownFileType = sourcecode.c.h; path = StoryCell.h; sourceTree = "<group>"; };
		9E430D7E26A7EB2000C0B571 /* StoryCell.m */ = {isa = PBXFileReference; lastKnownFileType = sourcecode.c.objc; path = StoryCell.m; sourceTree = "<group>"; };
		9E430D8126A87F5F00C0B571 /* StoriesLayout.h */ = {isa = PBXFileReference; lastKnownFileType = sourcecode.c.h; path = StoriesLayout.h; sourceTree = "<group>"; };
		9E430D8226A87F5F00C0B571 /* StoriesLayout.m */ = {isa = PBXFileReference; lastKnownFileType = sourcecode.c.objc; path = StoriesLayout.m; sourceTree = "<group>"; };
		A3EA13843EC42B98569A41AE /* Pods_TapestryTests.framework */ = {isa = PBXFileReference; explicitFileType = wrapper.framework; includeInIndex = 0; path = Pods_TapestryTests.framework; sourceTree = BUILT_PRODUCTS_DIR; };
		D85BF7482663768E2DA14120 /* Pods-Tapestry-TapestryUITests.release.xcconfig */ = {isa = PBXFileReference; includeInIndex = 1; lastKnownFileType = text.xcconfig; name = "Pods-Tapestry-TapestryUITests.release.xcconfig"; path = "Target Support Files/Pods-Tapestry-TapestryUITests/Pods-Tapestry-TapestryUITests.release.xcconfig"; sourceTree = "<group>"; };
/* End PBXFileReference section */

/* Begin PBXFrameworksBuildPhase section */
		9E430D1B269C9C2900C0B571 /* Frameworks */ = {
			isa = PBXFrameworksBuildPhase;
			buildActionMask = 2147483647;
			files = (
				9E430D7026A6268100C0B571 /* AVFoundation.framework in Frameworks */,
				BAC26881E50874E261006A77 /* Pods_Tapestry.framework in Frameworks */,
			);
			runOnlyForDeploymentPostprocessing = 0;
		};
		9E430D36269C9C2A00C0B571 /* Frameworks */ = {
			isa = PBXFrameworksBuildPhase;
			buildActionMask = 2147483647;
			files = (
				0583D6339532957F16853CEE /* Pods_TapestryTests.framework in Frameworks */,
			);
			runOnlyForDeploymentPostprocessing = 0;
		};
		9E430D41269C9C2B00C0B571 /* Frameworks */ = {
			isa = PBXFrameworksBuildPhase;
			buildActionMask = 2147483647;
			files = (
				65F0D822C428B4A7B08C552C /* Pods_Tapestry_TapestryUITests.framework in Frameworks */,
			);
			runOnlyForDeploymentPostprocessing = 0;
		};
/* End PBXFrameworksBuildPhase section */

/* Begin PBXGroup section */
		9D7D83F430122F9284DAE6E9 /* Pods */ = {
			isa = PBXGroup;
			children = (
				93621979B05B69AC600BAC1B /* Pods-Tapestry.debug.xcconfig */,
				4338ED409C1E15239594BA15 /* Pods-Tapestry.release.xcconfig */,
				99E584B0DEB38DE95ADF8DC7 /* Pods-Tapestry-TapestryUITests.debug.xcconfig */,
				D85BF7482663768E2DA14120 /* Pods-Tapestry-TapestryUITests.release.xcconfig */,
				67B64CF0448D3A6F2DB1C3E3 /* Pods-TapestryTests.debug.xcconfig */,
				9152BE9926D94E339FBF2552 /* Pods-TapestryTests.release.xcconfig */,
			);
			path = Pods;
			sourceTree = "<group>";
		};
		9E430D15269C9C2900C0B571 = {
			isa = PBXGroup;
			children = (
				9E430D20269C9C2A00C0B571 /* Tapestry */,
				9E430D3C269C9C2A00C0B571 /* TapestryTests */,
				9E430D47269C9C2B00C0B571 /* TapestryUITests */,
				9E430D1F269C9C2A00C0B571 /* Products */,
				9D7D83F430122F9284DAE6E9 /* Pods */,
				CB77295F0664A1E345E8699E /* Frameworks */,
			);
			sourceTree = "<group>";
		};
		9E430D1F269C9C2A00C0B571 /* Products */ = {
			isa = PBXGroup;
			children = (
				9E430D1E269C9C2A00C0B571 /* Tapestry.app */,
				9E430D39269C9C2A00C0B571 /* TapestryTests.xctest */,
				9E430D44269C9C2B00C0B571 /* TapestryUITests.xctest */,
			);
			name = Products;
			sourceTree = "<group>";
		};
		9E430D20269C9C2A00C0B571 /* Tapestry */ = {
			isa = PBXGroup;
			children = (
				9E430D8026A87F2000C0B571 /* Layouts */,
				9E430D7226A7424500C0B571 /* Views */,
				9E430D57269E11C900C0B571 /* Models */,
				9E430D56269E11C000C0B571 /* View Controllers */,
				9E430D21269C9C2A00C0B571 /* AppDelegate.h */,
				9E430D22269C9C2A00C0B571 /* AppDelegate.m */,
				9E430D24269C9C2A00C0B571 /* SceneDelegate.h */,
				9E430D25269C9C2A00C0B571 /* SceneDelegate.m */,
				9E430D2A269C9C2A00C0B571 /* Main.storyboard */,
				9E430D2D269C9C2A00C0B571 /* Assets.xcassets */,
				9E430D2F269C9C2A00C0B571 /* LaunchScreen.storyboard */,
				9E430D32269C9C2A00C0B571 /* Info.plist */,
				9E430D33269C9C2A00C0B571 /* main.m */,
				9E430D58269E136900C0B571 /* Keys.plist */,
			);
			path = Tapestry;
			sourceTree = "<group>";
		};
		9E430D3C269C9C2A00C0B571 /* TapestryTests */ = {
			isa = PBXGroup;
			children = (
				9E430D3D269C9C2A00C0B571 /* TapestryTests.m */,
				9E430D3F269C9C2A00C0B571 /* Info.plist */,
			);
			path = TapestryTests;
			sourceTree = "<group>";
		};
		9E430D47269C9C2B00C0B571 /* TapestryUITests */ = {
			isa = PBXGroup;
			children = (
				9E430D48269C9C2B00C0B571 /* TapestryUITests.m */,
				9E430D4A269C9C2B00C0B571 /* Info.plist */,
			);
			path = TapestryUITests;
			sourceTree = "<group>";
		};
		9E430D56269E11C000C0B571 /* View Controllers */ = {
			isa = PBXGroup;
			children = (
				9E430D5A269E164D00C0B571 /* LoginViewController.h */,
				9E430D5B269E164D00C0B571 /* LoginViewController.m */,
				9E430D5D269E3A3F00C0B571 /* ComposeStoryViewController.h */,
				9E430D5E269E3A3F00C0B571 /* ComposeStoryViewController.m */,
				9E430D60269E3CC100C0B571 /* AddGroupsViewController.h */,
				9E430D61269E3CC100C0B571 /* AddGroupsViewController.m */,
				9E430D63269F3D0100C0B571 /* NewUserViewController.h */,
				9E430D64269F3D0100C0B571 /* NewUserViewController.m */,
				9E430D6C26A6195A00C0B571 /* GroupsViewController.h */,
				9E430D6D26A6195A00C0B571 /* GroupsViewController.m */,
				9E430D7A26A7E0E400C0B571 /* TapestryViewController.h */,
				9E430D7B26A7E0E400C0B571 /* TapestryViewController.m */,
			);
			path = "View Controllers";
			sourceTree = "<group>";
		};
		9E430D57269E11C900C0B571 /* Models */ = {
			isa = PBXGroup;
			children = (
				9E430D66269F512700C0B571 /* Group.h */,
				9E430D67269F512700C0B571 /* Group.m */,
				9E430D6926A0D09100C0B571 /* Story.h */,
				9E430D6A26A0D09100C0B571 /* Story.m */,
			);
			path = Models;
			sourceTree = "<group>";
		};
		9E430D7226A7424500C0B571 /* Views */ = {
			isa = PBXGroup;
			children = (
				9E430D7626A776C400C0B571 /* Headers */,
				9E430D7326A7426800C0B571 /* TapestryGridCell.h */,
				9E430D7426A7426800C0B571 /* TapestryGridCell.m */,
				9E430D7D26A7EB2000C0B571 /* StoryCell.h */,
				9E430D7E26A7EB2000C0B571 /* StoryCell.m */,
			);
			path = Views;
			sourceTree = "<group>";
		};
		9E430D7626A776C400C0B571 /* Headers */ = {
			isa = PBXGroup;
			children = (
				9E430D7726A776E400C0B571 /* TapestriesHeaderReusableView.h */,
				9E430D7826A776E400C0B571 /* TapestriesHeaderReusableView.m */,
			);
			path = Headers;
			sourceTree = "<group>";
		};
		9E430D8026A87F2000C0B571 /* Layouts */ = {
			isa = PBXGroup;
			children = (
				9E430D8126A87F5F00C0B571 /* StoriesLayout.h */,
				9E430D8226A87F5F00C0B571 /* StoriesLayout.m */,
			);
			path = Layouts;
			sourceTree = "<group>";
		};
		CB77295F0664A1E345E8699E /* Frameworks */ = {
			isa = PBXGroup;
			children = (
				9E430D6F26A6268100C0B571 /* AVFoundation.framework */,
				9CED42AE8DCC4FEDB9E95E72 /* Pods_Tapestry.framework */,
				481AB0633733FFBF8D08A8AD /* Pods_Tapestry_TapestryUITests.framework */,
				A3EA13843EC42B98569A41AE /* Pods_TapestryTests.framework */,
			);
			name = Frameworks;
			sourceTree = "<group>";
		};
/* End PBXGroup section */

/* Begin PBXNativeTarget section */
		9E430D1D269C9C2900C0B571 /* Tapestry */ = {
			isa = PBXNativeTarget;
			buildConfigurationList = 9E430D4D269C9C2B00C0B571 /* Build configuration list for PBXNativeTarget "Tapestry" */;
			buildPhases = (
				34B42802BD834F75364D2976 /* [CP] Check Pods Manifest.lock */,
				9E430D1A269C9C2900C0B571 /* Sources */,
				9E430D1B269C9C2900C0B571 /* Frameworks */,
				9E430D1C269C9C2900C0B571 /* Resources */,
				D257242F925E44808E63C960 /* [CP] Embed Pods Frameworks */,
			);
			buildRules = (
			);
			dependencies = (
			);
			name = Tapestry;
			productName = Tapestry;
			productReference = 9E430D1E269C9C2A00C0B571 /* Tapestry.app */;
			productType = "com.apple.product-type.application";
		};
		9E430D38269C9C2A00C0B571 /* TapestryTests */ = {
			isa = PBXNativeTarget;
			buildConfigurationList = 9E430D50269C9C2B00C0B571 /* Build configuration list for PBXNativeTarget "TapestryTests" */;
			buildPhases = (
				088D75E894F0DADB1335F209 /* [CP] Check Pods Manifest.lock */,
				9E430D35269C9C2A00C0B571 /* Sources */,
				9E430D36269C9C2A00C0B571 /* Frameworks */,
				9E430D37269C9C2A00C0B571 /* Resources */,
			);
			buildRules = (
			);
			dependencies = (
				9E430D3B269C9C2A00C0B571 /* PBXTargetDependency */,
			);
			name = TapestryTests;
			productName = TapestryTests;
			productReference = 9E430D39269C9C2A00C0B571 /* TapestryTests.xctest */;
			productType = "com.apple.product-type.bundle.unit-test";
		};
		9E430D43269C9C2B00C0B571 /* TapestryUITests */ = {
			isa = PBXNativeTarget;
			buildConfigurationList = 9E430D53269C9C2B00C0B571 /* Build configuration list for PBXNativeTarget "TapestryUITests" */;
			buildPhases = (
				0D1A5BC63E5E845E9585C466 /* [CP] Check Pods Manifest.lock */,
				9E430D40269C9C2B00C0B571 /* Sources */,
				9E430D41269C9C2B00C0B571 /* Frameworks */,
				9E430D42269C9C2B00C0B571 /* Resources */,
				ED114DBC0E35C3CF2A246629 /* [CP] Embed Pods Frameworks */,
			);
			buildRules = (
			);
			dependencies = (
				9E430D46269C9C2B00C0B571 /* PBXTargetDependency */,
			);
			name = TapestryUITests;
			productName = TapestryUITests;
			productReference = 9E430D44269C9C2B00C0B571 /* TapestryUITests.xctest */;
			productType = "com.apple.product-type.bundle.ui-testing";
		};
/* End PBXNativeTarget section */

/* Begin PBXProject section */
		9E430D16269C9C2900C0B571 /* Project object */ = {
			isa = PBXProject;
			attributes = {
				LastUpgradeCheck = 1250;
				TargetAttributes = {
					9E430D1D269C9C2900C0B571 = {
						CreatedOnToolsVersion = 12.5.1;
					};
					9E430D38269C9C2A00C0B571 = {
						CreatedOnToolsVersion = 12.5.1;
						TestTargetID = 9E430D1D269C9C2900C0B571;
					};
					9E430D43269C9C2B00C0B571 = {
						CreatedOnToolsVersion = 12.5.1;
						TestTargetID = 9E430D1D269C9C2900C0B571;
					};
				};
			};
			buildConfigurationList = 9E430D19269C9C2900C0B571 /* Build configuration list for PBXProject "Tapestry" */;
			compatibilityVersion = "Xcode 9.3";
			developmentRegion = en;
			hasScannedForEncodings = 0;
			knownRegions = (
				en,
				Base,
			);
			mainGroup = 9E430D15269C9C2900C0B571;
			productRefGroup = 9E430D1F269C9C2A00C0B571 /* Products */;
			projectDirPath = "";
			projectRoot = "";
			targets = (
				9E430D1D269C9C2900C0B571 /* Tapestry */,
				9E430D38269C9C2A00C0B571 /* TapestryTests */,
				9E430D43269C9C2B00C0B571 /* TapestryUITests */,
			);
		};
/* End PBXProject section */

/* Begin PBXResourcesBuildPhase section */
		9E430D1C269C9C2900C0B571 /* Resources */ = {
			isa = PBXResourcesBuildPhase;
			buildActionMask = 2147483647;
			files = (
				9E430D59269E136900C0B571 /* Keys.plist in Resources */,
				9E430D31269C9C2A00C0B571 /* LaunchScreen.storyboard in Resources */,
				9E430D2E269C9C2A00C0B571 /* Assets.xcassets in Resources */,
				9E430D2C269C9C2A00C0B571 /* Main.storyboard in Resources */,
			);
			runOnlyForDeploymentPostprocessing = 0;
		};
		9E430D37269C9C2A00C0B571 /* Resources */ = {
			isa = PBXResourcesBuildPhase;
			buildActionMask = 2147483647;
			files = (
			);
			runOnlyForDeploymentPostprocessing = 0;
		};
		9E430D42269C9C2B00C0B571 /* Resources */ = {
			isa = PBXResourcesBuildPhase;
			buildActionMask = 2147483647;
			files = (
			);
			runOnlyForDeploymentPostprocessing = 0;
		};
/* End PBXResourcesBuildPhase section */

/* Begin PBXShellScriptBuildPhase section */
		088D75E894F0DADB1335F209 /* [CP] Check Pods Manifest.lock */ = {
			isa = PBXShellScriptBuildPhase;
			buildActionMask = 2147483647;
			files = (
			);
			inputFileListPaths = (
			);
			inputPaths = (
				"${PODS_PODFILE_DIR_PATH}/Podfile.lock",
				"${PODS_ROOT}/Manifest.lock",
			);
			name = "[CP] Check Pods Manifest.lock";
			outputFileListPaths = (
			);
			outputPaths = (
				"$(DERIVED_FILE_DIR)/Pods-TapestryTests-checkManifestLockResult.txt",
			);
			runOnlyForDeploymentPostprocessing = 0;
			shellPath = /bin/sh;
			shellScript = "diff \"${PODS_PODFILE_DIR_PATH}/Podfile.lock\" \"${PODS_ROOT}/Manifest.lock\" > /dev/null\nif [ $? != 0 ] ; then\n    # print error to STDERR\n    echo \"error: The sandbox is not in sync with the Podfile.lock. Run 'pod install' or update your CocoaPods installation.\" >&2\n    exit 1\nfi\n# This output is used by Xcode 'outputs' to avoid re-running this script phase.\necho \"SUCCESS\" > \"${SCRIPT_OUTPUT_FILE_0}\"\n";
			showEnvVarsInLog = 0;
		};
		0D1A5BC63E5E845E9585C466 /* [CP] Check Pods Manifest.lock */ = {
			isa = PBXShellScriptBuildPhase;
			buildActionMask = 2147483647;
			files = (
			);
			inputFileListPaths = (
			);
			inputPaths = (
				"${PODS_PODFILE_DIR_PATH}/Podfile.lock",
				"${PODS_ROOT}/Manifest.lock",
			);
			name = "[CP] Check Pods Manifest.lock";
			outputFileListPaths = (
			);
			outputPaths = (
				"$(DERIVED_FILE_DIR)/Pods-Tapestry-TapestryUITests-checkManifestLockResult.txt",
			);
			runOnlyForDeploymentPostprocessing = 0;
			shellPath = /bin/sh;
			shellScript = "diff \"${PODS_PODFILE_DIR_PATH}/Podfile.lock\" \"${PODS_ROOT}/Manifest.lock\" > /dev/null\nif [ $? != 0 ] ; then\n    # print error to STDERR\n    echo \"error: The sandbox is not in sync with the Podfile.lock. Run 'pod install' or update your CocoaPods installation.\" >&2\n    exit 1\nfi\n# This output is used by Xcode 'outputs' to avoid re-running this script phase.\necho \"SUCCESS\" > \"${SCRIPT_OUTPUT_FILE_0}\"\n";
			showEnvVarsInLog = 0;
		};
		34B42802BD834F75364D2976 /* [CP] Check Pods Manifest.lock */ = {
			isa = PBXShellScriptBuildPhase;
			buildActionMask = 2147483647;
			files = (
			);
			inputFileListPaths = (
			);
			inputPaths = (
				"${PODS_PODFILE_DIR_PATH}/Podfile.lock",
				"${PODS_ROOT}/Manifest.lock",
			);
			name = "[CP] Check Pods Manifest.lock";
			outputFileListPaths = (
			);
			outputPaths = (
				"$(DERIVED_FILE_DIR)/Pods-Tapestry-checkManifestLockResult.txt",
			);
			runOnlyForDeploymentPostprocessing = 0;
			shellPath = /bin/sh;
			shellScript = "diff \"${PODS_PODFILE_DIR_PATH}/Podfile.lock\" \"${PODS_ROOT}/Manifest.lock\" > /dev/null\nif [ $? != 0 ] ; then\n    # print error to STDERR\n    echo \"error: The sandbox is not in sync with the Podfile.lock. Run 'pod install' or update your CocoaPods installation.\" >&2\n    exit 1\nfi\n# This output is used by Xcode 'outputs' to avoid re-running this script phase.\necho \"SUCCESS\" > \"${SCRIPT_OUTPUT_FILE_0}\"\n";
			showEnvVarsInLog = 0;
		};
		D257242F925E44808E63C960 /* [CP] Embed Pods Frameworks */ = {
			isa = PBXShellScriptBuildPhase;
			buildActionMask = 2147483647;
			files = (
			);
			inputFileListPaths = (
				"${PODS_ROOT}/Target Support Files/Pods-Tapestry/Pods-Tapestry-frameworks-${CONFIGURATION}-input-files.xcfilelist",
			);
			name = "[CP] Embed Pods Frameworks";
			outputFileListPaths = (
				"${PODS_ROOT}/Target Support Files/Pods-Tapestry/Pods-Tapestry-frameworks-${CONFIGURATION}-output-files.xcfilelist",
			);
			runOnlyForDeploymentPostprocessing = 0;
			shellPath = /bin/sh;
			shellScript = "\"${PODS_ROOT}/Target Support Files/Pods-Tapestry/Pods-Tapestry-frameworks.sh\"\n";
			showEnvVarsInLog = 0;
		};
		ED114DBC0E35C3CF2A246629 /* [CP] Embed Pods Frameworks */ = {
			isa = PBXShellScriptBuildPhase;
			buildActionMask = 2147483647;
			files = (
			);
			inputFileListPaths = (
				"${PODS_ROOT}/Target Support Files/Pods-Tapestry-TapestryUITests/Pods-Tapestry-TapestryUITests-frameworks-${CONFIGURATION}-input-files.xcfilelist",
			);
			name = "[CP] Embed Pods Frameworks";
			outputFileListPaths = (
				"${PODS_ROOT}/Target Support Files/Pods-Tapestry-TapestryUITests/Pods-Tapestry-TapestryUITests-frameworks-${CONFIGURATION}-output-files.xcfilelist",
			);
			runOnlyForDeploymentPostprocessing = 0;
			shellPath = /bin/sh;
			shellScript = "\"${PODS_ROOT}/Target Support Files/Pods-Tapestry-TapestryUITests/Pods-Tapestry-TapestryUITests-frameworks.sh\"\n";
			showEnvVarsInLog = 0;
		};
/* End PBXShellScriptBuildPhase section */

/* Begin PBXSourcesBuildPhase section */
		9E430D1A269C9C2900C0B571 /* Sources */ = {
			isa = PBXSourcesBuildPhase;
			buildActionMask = 2147483647;
			files = (
				9E430D62269E3CC100C0B571 /* AddGroupsViewController.m in Sources */,
				9E430D5C269E164D00C0B571 /* LoginViewController.m in Sources */,
				9E430D23269C9C2A00C0B571 /* AppDelegate.m in Sources */,
				9E430D7F26A7EB2000C0B571 /* StoryCell.m in Sources */,
				9E430D6B26A0D09100C0B571 /* Story.m in Sources */,
				9E430D34269C9C2A00C0B571 /* main.m in Sources */,
				9E430D7526A7426800C0B571 /* TapestryGridCell.m in Sources */,
				9E430D26269C9C2A00C0B571 /* SceneDelegate.m in Sources */,
				9E430D6E26A6195A00C0B571 /* GroupsViewController.m in Sources */,
				9E430D7C26A7E0E400C0B571 /* TapestryViewController.m in Sources */,
				9E430D7926A776E400C0B571 /* TapestriesHeaderReusableView.m in Sources */,
				9E430D5F269E3A3F00C0B571 /* ComposeStoryViewController.m in Sources */,
				9E430D65269F3D0100C0B571 /* NewUserViewController.m in Sources */,
				9E430D68269F512700C0B571 /* Group.m in Sources */,
				9E430D8326A87F5F00C0B571 /* StoriesLayout.m in Sources */,
			);
			runOnlyForDeploymentPostprocessing = 0;
		};
		9E430D35269C9C2A00C0B571 /* Sources */ = {
			isa = PBXSourcesBuildPhase;
			buildActionMask = 2147483647;
			files = (
				9E430D3E269C9C2A00C0B571 /* TapestryTests.m in Sources */,
			);
			runOnlyForDeploymentPostprocessing = 0;
		};
		9E430D40269C9C2B00C0B571 /* Sources */ = {
			isa = PBXSourcesBuildPhase;
			buildActionMask = 2147483647;
			files = (
				9E430D49269C9C2B00C0B571 /* TapestryUITests.m in Sources */,
			);
			runOnlyForDeploymentPostprocessing = 0;
		};
/* End PBXSourcesBuildPhase section */

/* Begin PBXTargetDependency section */
		9E430D3B269C9C2A00C0B571 /* PBXTargetDependency */ = {
			isa = PBXTargetDependency;
			target = 9E430D1D269C9C2900C0B571 /* Tapestry */;
			targetProxy = 9E430D3A269C9C2A00C0B571 /* PBXContainerItemProxy */;
		};
		9E430D46269C9C2B00C0B571 /* PBXTargetDependency */ = {
			isa = PBXTargetDependency;
			target = 9E430D1D269C9C2900C0B571 /* Tapestry */;
			targetProxy = 9E430D45269C9C2B00C0B571 /* PBXContainerItemProxy */;
		};
/* End PBXTargetDependency section */

/* Begin PBXVariantGroup section */
		9E430D2A269C9C2A00C0B571 /* Main.storyboard */ = {
			isa = PBXVariantGroup;
			children = (
				9E430D2B269C9C2A00C0B571 /* Base */,
			);
			name = Main.storyboard;
			sourceTree = "<group>";
		};
		9E430D2F269C9C2A00C0B571 /* LaunchScreen.storyboard */ = {
			isa = PBXVariantGroup;
			children = (
				9E430D30269C9C2A00C0B571 /* Base */,
			);
			name = LaunchScreen.storyboard;
			sourceTree = "<group>";
		};
/* End PBXVariantGroup section */

/* Begin XCBuildConfiguration section */
		9E430D4B269C9C2B00C0B571 /* Debug */ = {
			isa = XCBuildConfiguration;
			buildSettings = {
				ALWAYS_SEARCH_USER_PATHS = NO;
				CLANG_ANALYZER_NONNULL = YES;
				CLANG_ANALYZER_NUMBER_OBJECT_CONVERSION = YES_AGGRESSIVE;
				CLANG_CXX_LANGUAGE_STANDARD = "gnu++14";
				CLANG_CXX_LIBRARY = "libc++";
				CLANG_ENABLE_MODULES = YES;
				CLANG_ENABLE_OBJC_ARC = YES;
				CLANG_ENABLE_OBJC_WEAK = YES;
				CLANG_WARN_BLOCK_CAPTURE_AUTORELEASING = YES;
				CLANG_WARN_BOOL_CONVERSION = YES;
				CLANG_WARN_COMMA = YES;
				CLANG_WARN_CONSTANT_CONVERSION = YES;
				CLANG_WARN_DEPRECATED_OBJC_IMPLEMENTATIONS = YES;
				CLANG_WARN_DIRECT_OBJC_ISA_USAGE = YES_ERROR;
				CLANG_WARN_DOCUMENTATION_COMMENTS = YES;
				CLANG_WARN_EMPTY_BODY = YES;
				CLANG_WARN_ENUM_CONVERSION = YES;
				CLANG_WARN_INFINITE_RECURSION = YES;
				CLANG_WARN_INT_CONVERSION = YES;
				CLANG_WARN_NON_LITERAL_NULL_CONVERSION = YES;
				CLANG_WARN_OBJC_IMPLICIT_RETAIN_SELF = YES;
				CLANG_WARN_OBJC_LITERAL_CONVERSION = YES;
				CLANG_WARN_OBJC_ROOT_CLASS = YES_ERROR;
				CLANG_WARN_QUOTED_INCLUDE_IN_FRAMEWORK_HEADER = YES;
				CLANG_WARN_RANGE_LOOP_ANALYSIS = YES;
				CLANG_WARN_STRICT_PROTOTYPES = YES;
				CLANG_WARN_SUSPICIOUS_MOVE = YES;
				CLANG_WARN_UNGUARDED_AVAILABILITY = YES_AGGRESSIVE;
				CLANG_WARN_UNREACHABLE_CODE = YES;
				CLANG_WARN__DUPLICATE_METHOD_MATCH = YES;
				COPY_PHASE_STRIP = NO;
				DEBUG_INFORMATION_FORMAT = dwarf;
				ENABLE_STRICT_OBJC_MSGSEND = YES;
				ENABLE_TESTABILITY = YES;
				GCC_C_LANGUAGE_STANDARD = gnu11;
				GCC_DYNAMIC_NO_PIC = NO;
				GCC_NO_COMMON_BLOCKS = YES;
				GCC_OPTIMIZATION_LEVEL = 0;
				GCC_PREPROCESSOR_DEFINITIONS = (
					"DEBUG=1",
					"$(inherited)",
				);
				GCC_WARN_64_TO_32_BIT_CONVERSION = YES;
				GCC_WARN_ABOUT_RETURN_TYPE = YES_ERROR;
				GCC_WARN_UNDECLARED_SELECTOR = YES;
				GCC_WARN_UNINITIALIZED_AUTOS = YES_AGGRESSIVE;
				GCC_WARN_UNUSED_FUNCTION = YES;
				GCC_WARN_UNUSED_VARIABLE = YES;
				IPHONEOS_DEPLOYMENT_TARGET = 14.5;
				MTL_ENABLE_DEBUG_INFO = INCLUDE_SOURCE;
				MTL_FAST_MATH = YES;
				ONLY_ACTIVE_ARCH = YES;
				SDKROOT = iphoneos;
			};
			name = Debug;
		};
		9E430D4C269C9C2B00C0B571 /* Release */ = {
			isa = XCBuildConfiguration;
			buildSettings = {
				ALWAYS_SEARCH_USER_PATHS = NO;
				CLANG_ANALYZER_NONNULL = YES;
				CLANG_ANALYZER_NUMBER_OBJECT_CONVERSION = YES_AGGRESSIVE;
				CLANG_CXX_LANGUAGE_STANDARD = "gnu++14";
				CLANG_CXX_LIBRARY = "libc++";
				CLANG_ENABLE_MODULES = YES;
				CLANG_ENABLE_OBJC_ARC = YES;
				CLANG_ENABLE_OBJC_WEAK = YES;
				CLANG_WARN_BLOCK_CAPTURE_AUTORELEASING = YES;
				CLANG_WARN_BOOL_CONVERSION = YES;
				CLANG_WARN_COMMA = YES;
				CLANG_WARN_CONSTANT_CONVERSION = YES;
				CLANG_WARN_DEPRECATED_OBJC_IMPLEMENTATIONS = YES;
				CLANG_WARN_DIRECT_OBJC_ISA_USAGE = YES_ERROR;
				CLANG_WARN_DOCUMENTATION_COMMENTS = YES;
				CLANG_WARN_EMPTY_BODY = YES;
				CLANG_WARN_ENUM_CONVERSION = YES;
				CLANG_WARN_INFINITE_RECURSION = YES;
				CLANG_WARN_INT_CONVERSION = YES;
				CLANG_WARN_NON_LITERAL_NULL_CONVERSION = YES;
				CLANG_WARN_OBJC_IMPLICIT_RETAIN_SELF = YES;
				CLANG_WARN_OBJC_LITERAL_CONVERSION = YES;
				CLANG_WARN_OBJC_ROOT_CLASS = YES_ERROR;
				CLANG_WARN_QUOTED_INCLUDE_IN_FRAMEWORK_HEADER = YES;
				CLANG_WARN_RANGE_LOOP_ANALYSIS = YES;
				CLANG_WARN_STRICT_PROTOTYPES = YES;
				CLANG_WARN_SUSPICIOUS_MOVE = YES;
				CLANG_WARN_UNGUARDED_AVAILABILITY = YES_AGGRESSIVE;
				CLANG_WARN_UNREACHABLE_CODE = YES;
				CLANG_WARN__DUPLICATE_METHOD_MATCH = YES;
				COPY_PHASE_STRIP = NO;
				DEBUG_INFORMATION_FORMAT = "dwarf-with-dsym";
				ENABLE_NS_ASSERTIONS = NO;
				ENABLE_STRICT_OBJC_MSGSEND = YES;
				GCC_C_LANGUAGE_STANDARD = gnu11;
				GCC_NO_COMMON_BLOCKS = YES;
				GCC_WARN_64_TO_32_BIT_CONVERSION = YES;
				GCC_WARN_ABOUT_RETURN_TYPE = YES_ERROR;
				GCC_WARN_UNDECLARED_SELECTOR = YES;
				GCC_WARN_UNINITIALIZED_AUTOS = YES_AGGRESSIVE;
				GCC_WARN_UNUSED_FUNCTION = YES;
				GCC_WARN_UNUSED_VARIABLE = YES;
				IPHONEOS_DEPLOYMENT_TARGET = 14.5;
				MTL_ENABLE_DEBUG_INFO = NO;
				MTL_FAST_MATH = YES;
				SDKROOT = iphoneos;
				VALIDATE_PRODUCT = YES;
			};
			name = Release;
		};
		9E430D4E269C9C2B00C0B571 /* Debug */ = {
			isa = XCBuildConfiguration;
			baseConfigurationReference = 93621979B05B69AC600BAC1B /* Pods-Tapestry.debug.xcconfig */;
			buildSettings = {
				ASSETCATALOG_COMPILER_APPICON_NAME = AppIcon;
				ASSETCATALOG_COMPILER_GLOBAL_ACCENT_COLOR_NAME = AccentColor;
				CODE_SIGN_STYLE = Automatic;
				DEVELOPMENT_TEAM = 7S6FU6A2CQ;
				INFOPLIST_FILE = Tapestry/Info.plist;
				LD_RUNPATH_SEARCH_PATHS = (
					"$(inherited)",
					"@executable_path/Frameworks",
				);
				PRODUCT_BUNDLE_IDENTIFIER = com.anvitha.Tapestry;
				PRODUCT_NAME = "$(TARGET_NAME)";
				TARGETED_DEVICE_FAMILY = "1,2";
			};
			name = Debug;
		};
		9E430D4F269C9C2B00C0B571 /* Release */ = {
			isa = XCBuildConfiguration;
			baseConfigurationReference = 4338ED409C1E15239594BA15 /* Pods-Tapestry.release.xcconfig */;
			buildSettings = {
				ASSETCATALOG_COMPILER_APPICON_NAME = AppIcon;
				ASSETCATALOG_COMPILER_GLOBAL_ACCENT_COLOR_NAME = AccentColor;
				CODE_SIGN_STYLE = Automatic;
				DEVELOPMENT_TEAM = 7S6FU6A2CQ;
				INFOPLIST_FILE = Tapestry/Info.plist;
				LD_RUNPATH_SEARCH_PATHS = (
					"$(inherited)",
					"@executable_path/Frameworks",
				);
				PRODUCT_BUNDLE_IDENTIFIER = com.anvitha.Tapestry;
				PRODUCT_NAME = "$(TARGET_NAME)";
				TARGETED_DEVICE_FAMILY = "1,2";
			};
			name = Release;
		};
		9E430D51269C9C2B00C0B571 /* Debug */ = {
			isa = XCBuildConfiguration;
			baseConfigurationReference = 67B64CF0448D3A6F2DB1C3E3 /* Pods-TapestryTests.debug.xcconfig */;
			buildSettings = {
				BUNDLE_LOADER = "$(TEST_HOST)";
				CODE_SIGN_STYLE = Automatic;
				DEVELOPMENT_TEAM = 7S6FU6A2CQ;
				INFOPLIST_FILE = TapestryTests/Info.plist;
				IPHONEOS_DEPLOYMENT_TARGET = 14.5;
				LD_RUNPATH_SEARCH_PATHS = (
					"$(inherited)",
					"@executable_path/Frameworks",
					"@loader_path/Frameworks",
				);
				PRODUCT_BUNDLE_IDENTIFIER = com.anvitha.TapestryTests;
				PRODUCT_NAME = "$(TARGET_NAME)";
				TARGETED_DEVICE_FAMILY = "1,2";
				TEST_HOST = "$(BUILT_PRODUCTS_DIR)/Tapestry.app/Tapestry";
			};
			name = Debug;
		};
		9E430D52269C9C2B00C0B571 /* Release */ = {
			isa = XCBuildConfiguration;
			baseConfigurationReference = 9152BE9926D94E339FBF2552 /* Pods-TapestryTests.release.xcconfig */;
			buildSettings = {
				BUNDLE_LOADER = "$(TEST_HOST)";
				CODE_SIGN_STYLE = Automatic;
				DEVELOPMENT_TEAM = 7S6FU6A2CQ;
				INFOPLIST_FILE = TapestryTests/Info.plist;
				IPHONEOS_DEPLOYMENT_TARGET = 14.5;
				LD_RUNPATH_SEARCH_PATHS = (
					"$(inherited)",
					"@executable_path/Frameworks",
					"@loader_path/Frameworks",
				);
				PRODUCT_BUNDLE_IDENTIFIER = com.anvitha.TapestryTests;
				PRODUCT_NAME = "$(TARGET_NAME)";
				TARGETED_DEVICE_FAMILY = "1,2";
				TEST_HOST = "$(BUILT_PRODUCTS_DIR)/Tapestry.app/Tapestry";
			};
			name = Release;
		};
		9E430D54269C9C2B00C0B571 /* Debug */ = {
			isa = XCBuildConfiguration;
			baseConfigurationReference = 99E584B0DEB38DE95ADF8DC7 /* Pods-Tapestry-TapestryUITests.debug.xcconfig */;
			buildSettings = {
				CODE_SIGN_STYLE = Automatic;
				DEVELOPMENT_TEAM = 7S6FU6A2CQ;
				INFOPLIST_FILE = TapestryUITests/Info.plist;
				LD_RUNPATH_SEARCH_PATHS = (
					"$(inherited)",
					"@executable_path/Frameworks",
					"@loader_path/Frameworks",
				);
				PRODUCT_BUNDLE_IDENTIFIER = com.anvitha.TapestryUITests;
				PRODUCT_NAME = "$(TARGET_NAME)";
				TARGETED_DEVICE_FAMILY = "1,2";
				TEST_TARGET_NAME = Tapestry;
			};
			name = Debug;
		};
		9E430D55269C9C2B00C0B571 /* Release */ = {
			isa = XCBuildConfiguration;
			baseConfigurationReference = D85BF7482663768E2DA14120 /* Pods-Tapestry-TapestryUITests.release.xcconfig */;
			buildSettings = {
				CODE_SIGN_STYLE = Automatic;
				DEVELOPMENT_TEAM = 7S6FU6A2CQ;
				INFOPLIST_FILE = TapestryUITests/Info.plist;
				LD_RUNPATH_SEARCH_PATHS = (
					"$(inherited)",
					"@executable_path/Frameworks",
					"@loader_path/Frameworks",
				);
				PRODUCT_BUNDLE_IDENTIFIER = com.anvitha.TapestryUITests;
				PRODUCT_NAME = "$(TARGET_NAME)";
				TARGETED_DEVICE_FAMILY = "1,2";
				TEST_TARGET_NAME = Tapestry;
			};
			name = Release;
		};
/* End XCBuildConfiguration section */

/* Begin XCConfigurationList section */
		9E430D19269C9C2900C0B571 /* Build configuration list for PBXProject "Tapestry" */ = {
			isa = XCConfigurationList;
			buildConfigurations = (
				9E430D4B269C9C2B00C0B571 /* Debug */,
				9E430D4C269C9C2B00C0B571 /* Release */,
			);
			defaultConfigurationIsVisible = 0;
			defaultConfigurationName = Release;
		};
		9E430D4D269C9C2B00C0B571 /* Build configuration list for PBXNativeTarget "Tapestry" */ = {
			isa = XCConfigurationList;
			buildConfigurations = (
				9E430D4E269C9C2B00C0B571 /* Debug */,
				9E430D4F269C9C2B00C0B571 /* Release */,
			);
			defaultConfigurationIsVisible = 0;
			defaultConfigurationName = Release;
		};
		9E430D50269C9C2B00C0B571 /* Build configuration list for PBXNativeTarget "TapestryTests" */ = {
			isa = XCConfigurationList;
			buildConfigurations = (
				9E430D51269C9C2B00C0B571 /* Debug */,
				9E430D52269C9C2B00C0B571 /* Release */,
			);
			defaultConfigurationIsVisible = 0;
			defaultConfigurationName = Release;
		};
		9E430D53269C9C2B00C0B571 /* Build configuration list for PBXNativeTarget "TapestryUITests" */ = {
			isa = XCConfigurationList;
			buildConfigurations = (
				9E430D54269C9C2B00C0B571 /* Debug */,
				9E430D55269C9C2B00C0B571 /* Release */,
			);
			defaultConfigurationIsVisible = 0;
			defaultConfigurationName = Release;
		};
/* End XCConfigurationList section */
	};
	rootObject = 9E430D16269C9C2900C0B571 /* Project object */;
}
